{
  "version": "2",
  "remote": {
    "https://deno.land/std@0.127.0/_util/assert.ts": "6396c1bd0361c4939e7f32f9b03efffcd04b640a1b206ed67058553d6cb59cc4",
    "https://deno.land/std@0.127.0/_util/os.ts": "49b92edea1e82ba295ec946de8ffd956ed123e2948d9bd1d3e901b04e4307617",
    "https://deno.land/std@0.127.0/encoding/base64.ts": "784384e3cc39c59534d15f71e87f5b8da73cc5e1460417eb32ec9d62617d4f87",
    "https://deno.land/std@0.127.0/path/_constants.ts": "df1db3ffa6dd6d1252cc9617e5d72165cd2483df90e93833e13580687b6083c3",
    "https://deno.land/std@0.127.0/path/_interface.ts": "ee3b431a336b80cf445441109d089b70d87d5e248f4f90ff906820889ecf8d09",
    "https://deno.land/std@0.127.0/path/_util.ts": "c1e9686d0164e29f7d880b2158971d805b6e0efc3110d0b3e24e4b8af2190d2b",
    "https://deno.land/std@0.127.0/path/common.ts": "bee563630abd2d97f99d83c96c2fa0cca7cee103e8cb4e7699ec4d5db7bd2633",
    "https://deno.land/std@0.127.0/path/glob.ts": "cb5255638de1048973c3e69e420c77dc04f75755524cb3b2e160fe9277d939ee",
    "https://deno.land/std@0.127.0/path/mod.ts": "4275129bb766f0e475ecc5246aa35689eeade419d72a48355203f31802640be7",
    "https://deno.land/std@0.127.0/path/posix.ts": "663e4a6fe30a145f56aa41a22d95114c4c5582d8b57d2d7c9ed27ad2c47636bb",
    "https://deno.land/std@0.127.0/path/separator.ts": "fe1816cb765a8068afb3e8f13ad272351c85cbc739af56dacfc7d93d710fe0f9",
    "https://deno.land/std@0.127.0/path/win32.ts": "e7bdf63e8d9982b4d8a01ef5689425c93310ece950e517476e22af10f41a136e",
    "https://deno.land/std@0.150.0/media_types/_util.ts": "ce9b4fc4ba1c447dafab619055e20fd88236ca6bdd7834a21f98bd193c3fbfa1",
    "https://deno.land/std@0.150.0/media_types/mod.ts": "2d4b6f32a087029272dc59e0a55ae3cc4d1b27b794ccf528e94b1925795b3118",
    "https://deno.land/std@0.150.0/media_types/vendor/mime-db.v1.52.0.ts": "724cee25fa40f1a52d3937d6b4fbbfdd7791ff55e1b7ac08d9319d5632c7f5af",
    "https://deno.land/std@0.159.0/encoding/ascii85.ts": "f2b9cb8da1a55b3f120d3de2e78ac993183a4fd00dfa9cb03b51cf3a75bc0baa",
    "https://deno.land/std@0.162.0/_util/assert.ts": "e94f2eb37cebd7f199952e242c77654e43333c1ac4c5c700e929ea3aa5489f74",
    "https://deno.land/std@0.162.0/bytes/bytes_list.ts": "aba5e2369e77d426b10af1de0dcc4531acecec27f9b9056f4f7bfbf8ac147ab4",
    "https://deno.land/std@0.162.0/bytes/equals.ts": "3c3558c3ae85526f84510aa2b48ab2ad7bdd899e2e0f5b7a8ffc85acb3a6043a",
    "https://deno.land/std@0.162.0/bytes/mod.ts": "b2e342fd3669176a27a4e15061e9d588b89c1aaf5008ab71766e23669565d179",
    "https://deno.land/std@0.162.0/io/buffer.ts": "fae02290f52301c4e0188670e730cd902f9307fb732d79c4aa14ebdc82497289",
    "https://deno.land/std@0.162.0/io/types.d.ts": "107e1e64834c5ba917c783f446b407d33432c5d612c4b3430df64fc2b4ecf091",
    "https://deno.land/std@0.162.0/streams/conversion.ts": "555c6c249f3acf85655f2d0af52d1cb3168e40b1c1fa26beefea501b333abe28",
    "https://deno.land/std@0.177.0/async/abortable.ts": "73acfb3ed7261ce0d930dbe89e43db8d34e017b063cf0eaa7d215477bf53442e",
    "https://deno.land/std@0.177.0/async/deadline.ts": "c5facb0b404eede83e38bd2717ea8ab34faa2ffb20ef87fd261fcba32ba307aa",
    "https://deno.land/std@0.177.0/async/debounce.ts": "adab11d04ca38d699444ac8a9d9856b4155e8dda2afd07ce78276c01ea5a4332",
    "https://deno.land/std@0.177.0/async/deferred.ts": "42790112f36a75a57db4a96d33974a936deb7b04d25c6084a9fa8a49f135def8",
    "https://deno.land/std@0.177.0/async/delay.ts": "73aa04cec034c84fc748c7be49bb15cac3dd43a57174bfdb7a4aec22c248f0dd",
    "https://deno.land/std@0.177.0/async/mod.ts": "f04344fa21738e5ad6bea37a6bfffd57c617c2d372bb9f9dcfd118a1b622e576",
    "https://deno.land/std@0.177.0/async/mux_async_iterator.ts": "70c7f2ee4e9466161350473ad61cac0b9f115cff4c552eaa7ef9d50c4cbb4cc9",
    "https://deno.land/std@0.177.0/async/pool.ts": "fd082bd4aaf26445909889435a5c74334c017847842ec035739b4ae637ae8260",
    "https://deno.land/std@0.177.0/async/retry.ts": "5efa3ba450ac0c07a40a82e2df296287b5013755d232049efd7ea2244f15b20f",
    "https://deno.land/std@0.177.0/async/tee.ts": "47e42d35f622650b02234d43803d0383a89eb4387e1b83b5a40106d18ae36757",
    "https://deno.land/std@0.177.0/http/server.ts": "cbb17b594651215ba95c01a395700684e569c165a567e4e04bba327f41197433",
    "https://deno.land/x/brotli@0.1.7/mod.ts": "08b913e51488b6e7fa181f2814b9ad087fdb5520041db0368f8156bfa45fd73e",
    "https://deno.land/x/brotli@0.1.7/wasm.js": "77771b89e89ec7ff6e3e0939a7fb4f9b166abec3504cec0532ad5c127d6f35d2",
    "https://deno.land/x/eszip@v0.35.0/eszip_wasm.generated.js": "19ec5ee17dba6ec59ddc8f5836f3f2bef332982d9772e7f42d78b89250baffac",
    "https://deno.land/x/eszip@v0.35.0/loader.ts": "31bae51763d86b8e60df3b3a8d0359e71d2ff32451af5f27ff7854bdd6f1f726",
    "https://deno.land/x/eszip@v0.35.0/mod.ts": "1ab71595e9f0b771987276f96d323c3e03ad7f41fc653b38c44dfd51439c20e1",
    "https://deno.land/x/lz4@v0.1.2/mod.ts": "4decfc1a3569d03fd1813bd39128b71c8f082850fe98ecfdde20025772916582",
    "https://deno.land/x/lz4@v0.1.2/wasm.js": "b9c65605327ba273f0c76a6dc596ec534d4cda0f0225d7a94ebc606782319e46",
    "https://deno.land/x/xhr@0.3.0/mod.ts": "094aacd627fd9635cd942053bf8032b5223b909858fa9dc8ffa583752ff63b20",
    "https://esm.sh/@supabase/supabase-js@2.22.0": "ecf5675f3ad98ac2b684b00af97371c64c28abfbd77b7dba4721cd22beeabe82",
    "https://esm.sh/v122/@supabase/functions-js@2.1.1/deno/functions-js.mjs": "c63e8e7c831b7f7fb4bf9540be7ea5637d9cfcd9e880b8809b5f01d339d4f325",
    "https://esm.sh/v122/@supabase/functions-js@2.1.1/dist/module/FunctionsClient.d.ts": "c2e7bcf24374e6b99863f214eeef71e13d2c271039b48c9052c97f0cb3a16950",
    "https://esm.sh/v122/@supabase/functions-js@2.1.1/dist/module/index.d.ts": "1832b08edacd73b343430314bdf7af9ce456373fa3c5235b8dcdbbdf4e1d13ae",
    "https://esm.sh/v122/@supabase/functions-js@2.1.1/dist/module/types.d.ts": "085a4704c1c8969bcb9188fc018792f0c4e0387c465d26512ffc91d083767b76",
    "https://esm.sh/v122/@supabase/gotrue-js@2.26.0/deno/gotrue-js.mjs": "501e1c3e37ef7442a68f8eb0dda8bcfd0ebeccfcc081183c2102ce0d6feb56b0",
    "https://esm.sh/v122/@supabase/gotrue-js@2.26.0/dist/module/GoTrueAdminApi.d.ts": "e26cd0616dfb78c1bd5a585ce693477968fa2d19b223b3f868e37c1b7927d16d",
    "https://esm.sh/v122/@supabase/gotrue-js@2.26.0/dist/module/GoTrueClient.d.ts": "0b469cd8b21a02f3fcf42bc5f5d6dfb749085bb8d610f039b03b1e8945487a9b",
    "https://esm.sh/v122/@supabase/gotrue-js@2.26.0/dist/module/index.d.ts": "8cdbab5746a3ce56786025593191032aeb560f933279507c260d2bb65e83b636",
    "https://esm.sh/v122/@supabase/gotrue-js@2.26.0/dist/module/lib/errors.d.ts": "c472599ecee0d5a06e22629d18e9e2eac44139f98301fe2ba0389c3209d80ff5",
    "https://esm.sh/v122/@supabase/gotrue-js@2.26.0/dist/module/lib/fetch.d.ts": "0124365bdd93bdaefc37112cad6eafefdb01ae36c657770a64df7dbf5f305342",
    "https://esm.sh/v122/@supabase/gotrue-js@2.26.0/dist/module/lib/helpers.d.ts": "5ecb2cb22300da6b8f8f0a7c6ee8e1a6920ef274b2d2f4370320902f1950f363",
    "https://esm.sh/v122/@supabase/gotrue-js@2.26.0/dist/module/lib/types.d.ts": "95b80c6052084b275b7b7260696b4c7e3a0f79f4d88bf96f4b0a54d1a5b6f020",
    "https://esm.sh/v122/@supabase/postgrest-js@1.6.1/deno/postgrest-js.mjs": "2289983887d8a0976633ce9011198b0747b8bdca6a19b7f2fa1358be03db2985",
    "https://esm.sh/v122/@supabase/postgrest-js@1.6.1/dist/module/PostgrestBuilder.d.ts": "ee10b40dfca08fccf846e2d4f21e1273dd6170629e04e8454937b79c4a073195",
    "https://esm.sh/v122/@supabase/postgrest-js@1.6.1/dist/module/PostgrestClient.d.ts": "70bddc51d63d92a5f6817be70f4e0d232c6758b425792adb6a9912844aa18747",
    "https://esm.sh/v122/@supabase/postgrest-js@1.6.1/dist/module/PostgrestFilterBuilder.d.ts": "452fe5e11b369a1096a65914bb7233ab833f10609752b03340b31403734b7704",
    "https://esm.sh/v122/@supabase/postgrest-js@1.6.1/dist/module/PostgrestQueryBuilder.d.ts": "cbb328da55c90e2c40ed6dbffdff02bb58e1acf4c6e0259ccedba47f3d5589e4",
    "https://esm.sh/v122/@supabase/postgrest-js@1.6.1/dist/module/PostgrestTransformBuilder.d.ts": "eda6937c25925489d93fb1f28b58346358d95aec887fefd5bebe4a74cf8e3948",
    "https://esm.sh/v122/@supabase/postgrest-js@1.6.1/dist/module/index.d.ts": "fffbd398e6b4db2b1320e819d395493f3169219cfec082e09787ae2bb02baaa3",
    "https://esm.sh/v122/@supabase/postgrest-js@1.6.1/dist/module/select-query-parser.d.ts": "0a7efc7f0c36eb5accafa57c84863f4f0ac708f630a55c8e753baff5f6482e86",
    "https://esm.sh/v122/@supabase/postgrest-js@1.6.1/dist/module/types.d.ts": "b62bb9fdf20676f829bcf01b2348c9766b5d14a0451a964496e96ac49fcc2758",
    "https://esm.sh/v122/@supabase/realtime-js@2.7.2/deno/realtime-js.mjs": "f9e6827ee3606a2d314fa391169d41d92c67369f04644bd88eda9ea01be75eb3",
    "https://esm.sh/v122/@supabase/realtime-js@2.7.2/dist/module/RealtimeChannel.d.ts": "25649c81d3afb47af94fcaad4e018c41082a5cabd7c7be8c31f1ae73f85a9feb",
    "https://esm.sh/v122/@supabase/realtime-js@2.7.2/dist/module/RealtimeClient.d.ts": "1051d2176aa0bfcc715ec2f3b3ff7f0dbc289780884f78fbd896dac6a834a185",
    "https://esm.sh/v122/@supabase/realtime-js@2.7.2/dist/module/RealtimePresence.d.ts": "01634abe5ca0570fcb4d176778be60b604e33b180cf79ca5cf71073b4cfdbdcb",
    "https://esm.sh/v122/@supabase/realtime-js@2.7.2/dist/module/index.d.ts": "eeff0dbcd61707a889eb2370cf3617ef42ddc2f71d7d4d18e1e43542893c066d",
    "https://esm.sh/v122/@supabase/realtime-js@2.7.2/dist/module/lib/constants.d.ts": "b8392f2eb7cf41c3479c142875adbbe4b48bfafdced532165abc1cc68aa20cb5",
    "https://esm.sh/v122/@supabase/realtime-js@2.7.2/dist/module/lib/push.d.ts": "6c8e66ded1b50971ca48cbe5e33e02042f291b330f5010771925a054baec523d",
    "https://esm.sh/v122/@supabase/realtime-js@2.7.2/dist/module/lib/serializer.d.ts": "4990f875f6e9a1898655fdba7b822222f8b930bfb7c9253b4f047aa4b05d4ca1",
    "https://esm.sh/v122/@supabase/realtime-js@2.7.2/dist/module/lib/timer.d.ts": "ddf170afd193dc372316ed1f4a087f0e9732a5b8bd9cb9e5c3ac74f1cc676e31",
    "https://esm.sh/v122/@supabase/storage-js@2.5.1/deno/storage-js.mjs": "ea330fe29242e4f00f5defb4233107d58bb3f448046274f148fbad750dcaf312",
    "https://esm.sh/v122/@supabase/storage-js@2.5.1/dist/module/StorageClient.d.ts": "716bdde7f3ea8f49606ac540ceb4b410facb9526668711ffb5676f7935f3408d",
    "https://esm.sh/v122/@supabase/storage-js@2.5.1/dist/module/index.d.ts": "07800a0eea5587ec26d8932a4f5f10871b9e017292ab05b74b27154fb5f98860",
    "https://esm.sh/v122/@supabase/storage-js@2.5.1/dist/module/lib/errors.d.ts": "753c82a97a0e1b05fec3989af93e4fbf2f4a3da3957584613768593ef5cc8bfc",
    "https://esm.sh/v122/@supabase/storage-js@2.5.1/dist/module/lib/fetch.d.ts": "18b68d37f6564cc754ade6371fc7e655a775e91b10abf0f45d0c037b93436761",
    "https://esm.sh/v122/@supabase/storage-js@2.5.1/dist/module/lib/types.d.ts": "bc29b8f4d3255b1a4de8fad248d4d639a7bd6f068811abc64e63e56fbf82cd75",
    "https://esm.sh/v122/@supabase/storage-js@2.5.1/dist/module/packages/StorageBucketApi.d.ts": "a208086081d13b7c864b62d35dcda19613662bc84470d792ef37ddcebccc5d70",
    "https://esm.sh/v122/@supabase/storage-js@2.5.1/dist/module/packages/StorageFileApi.d.ts": "7d2aab6ae2e142ff0745bf082dc60a277a37dbf68ebe5e8f057080e9009daeaa",
    "https://esm.sh/v122/@supabase/supabase-js@2.22.0/deno/supabase-js.mjs": "23ba3235cc40c72d2df77f214ecebdcc14e85f46d18f9d7e258fb9f15ec9764c",
    "https://esm.sh/v122/@supabase/supabase-js@2.22.0/dist/module/SupabaseClient.d.ts": "4ab48ba1f95dd37e555cb4e629f2e2b20bff7685cd5ffee886c3bd4722262b0f",
    "https://esm.sh/v122/@supabase/supabase-js@2.22.0/dist/module/index.d.ts": "fc2b694f6eb3addb6e06e3aa9161fe5983ad72178f5dc83c8359e641c6dd3d33",
    "https://esm.sh/v122/@supabase/supabase-js@2.22.0/dist/module/lib/SupabaseAuthClient.d.ts": "02581f14482c1f057cf281b06f5d8ae36f72f2329ed9dff3678877210cfa5468",
    "https://esm.sh/v122/@supabase/supabase-js@2.22.0/dist/module/lib/types.d.ts": "5cd4b836098434385a7fdc5be882380eab22bfeda641b321a1019b983aa886c7",
    "https://esm.sh/v122/@types/phoenix@1.5.6/index.d.ts": "2b9f54bc632b077439fa3fb07a9daf30a77c668c27ef2ea14d3382acb445aca3",
    "https://esm.sh/v122/cross-fetch@3.1.5/deno/cross-fetch.mjs": "be43e2fc88afad172ee461e33d50e39d89511300013157a10008506c52fdbfd6",
    "https://esm.sh/v122/cross-fetch@3.1.6/deno/cross-fetch.mjs": "d6cb828e4abb2641fb8f58a910adac08f46102db9cb209994e656c86111d90e8",
    "https://esm.sh/v122/es5-ext@0.10.62/deno/global.js": "5fe45a955818afd1e0e8ad67eeb50f62a4b543588aefd727a1f9b732121a33fa",
    "https://esm.sh/v122/node.ns.d.ts": "0fb081f0cd2150931bd54baa04f31466abd9ca701fd9060d07931402cf8367ba",
    "https://esm.sh/v122/websocket@1.0.34/deno/websocket.mjs": "c7d1414674a567da24c7c0da6bc8de7eb76aec6dfe3125d8df6629d7f1d4e0f5"
  }
}
